// !$*UTF8*$!
{
	archiveVersion = 1;
	classes = {
	};
	objectVersion = 46;
	objects = {

/* Begin PBXBuildFile section */
		BB0DCB061D6E97B400E4A4AB /* AppDelegate.swift in Sources */ = {isa = PBXBuildFile; fileRef = BB0DCB051D6E97B400E4A4AB /* AppDelegate.swift */; };
		BB0DCB081D6E97B400E4A4AB /* ViewController.swift in Sources */ = {isa = PBXBuildFile; fileRef = BB0DCB071D6E97B400E4A4AB /* ViewController.swift */; };
		BB0DCB0B1D6E97B500E4A4AB /* Main.storyboard in Resources */ = {isa = PBXBuildFile; fileRef = BB0DCB091D6E97B500E4A4AB /* Main.storyboard */; };
		BB0DCB0D1D6E97B500E4A4AB /* Assets.xcassets in Resources */ = {isa = PBXBuildFile; fileRef = BB0DCB0C1D6E97B500E4A4AB /* Assets.xcassets */; };
		BB0DCB101D6E97B500E4A4AB /* LaunchScreen.storyboard in Resources */ = {isa = PBXBuildFile; fileRef = BB0DCB0E1D6E97B500E4A4AB /* LaunchScreen.storyboard */; };
/* End PBXBuildFile section */

/* Begin PBXFileReference section */
		BB0DCB021D6E97B400E4A4AB /* Final Assesment (Reuben).app */ = {isa = PBXFileReference; explicitFileType = wrapper.application; includeInIndex = 0; path = "Final Assesment (Reuben).app"; sourceTree = BUILT_PRODUCTS_DIR; };
		BB0DCB051D6E97B400E4A4AB /* AppDelegate.swift */ = {isa = PBXFileReference; lastKnownFileType = sourcecode.swift; path = AppDelegate.swift; sourceTree = "<group>"; };
		BB0DCB071D6E97B400E4A4AB /* ViewController.swift */ = {isa = PBXFileReference; lastKnownFileType = sourcecode.swift; path = ViewController.swift; sourceTree = "<group>"; };
		BB0DCB0A1D6E97B500E4A4AB /* Base */ = {isa = PBXFileReference; lastKnownFileType = file.storyboard; name = Base; path = Base.lproj/Main.storyboard; sourceTree = "<group>"; };
		BB0DCB0C1D6E97B500E4A4AB /* Assets.xcassets */ = {isa = PBXFileReference; lastKnownFileType = folder.assetcatalog; path = Assets.xcassets; sourceTree = "<group>"; };
		BB0DCB0F1D6E97B500E4A4AB /* Base */ = {isa = PBXFileReference; lastKnownFileType = file.storyboard; name = Base; path = Base.lproj/LaunchScreen.storyboard; sourceTree = "<group>"; };
		BB0DCB111D6E97B500E4A4AB /* Info.plist */ = {isa = PBXFileReference; lastKnownFileType = text.plist.xml; path = Info.plist; sourceTree = "<group>"; };
/* End PBXFileReference section */

/* Begin PBXFrameworksBuildPhase section */
		BB0DCAFF1D6E97B400E4A4AB /* Frameworks */ = {
			isa = PBXFrameworksBuildPhase;
			buildActionMask = 2147483647;
			files = (
			);
			runOnlyForDeploymentPostprocessing = 0;
		};
/* End PBXFrameworksBuildPhase section */

/* Begin PBXGroup section */
		BB0DCAF91D6E97B400E4A4AB = {
			isa = PBXGroup;
			children = (
				BB0DCB041D6E97B400E4A4AB /* Final Assesment (Reuben) */,
				BB0DCB031D6E97B400E4A4AB /* Products */,
			);
			sourceTree = "<group>";
		};
		BB0DCB031D6E97B400E4A4AB /* Products */ = {
			isa = PBXGroup;
			children = (
				BB0DCB021D6E97B400E4A4AB /* Final Assesment (Reuben).app */,
			);
			name = Products;
			sourceTree = "<group>";
		};
		BB0DCB041D6E97B400E4A4AB /* Final Assesment (Reuben) */ = {
			isa = PBXGroup;
			children = (
				BB0DCB051D6E97B400E4A4AB /* AppDelegate.swift */,
				BB0DCB071D6E97B400E4A4AB /* ViewController.swift */,
				BB0DCB091D6E97B500E4A4AB /* Main.storyboard */,
				BB0DCB0C1D6E97B500E4A4AB /* Assets.xcassets */,
				BB0DCB0E1D6E97B500E4A4AB /* LaunchScreen.storyboard */,
				BB0DCB111D6E97B500E4A4AB /* Info.plist */,
			);
			path = "Final Assesment (Reuben)";
			sourceTree = "<group>";
		};
/* End PBXGroup section */

/* Begin PBXNativeTarget section */
		BB0DCB011D6E97B400E4A4AB /* Final Assesment (Reuben) */ = {
			isa = PBXNativeTarget;
			buildConfigurationList = BB0DCB141D6E97B500E4A4AB /* Build configuration list for PBXNativeTarget "Final Assesment (Reuben)" */;
			buildPhases = (
				BB0DCAFE1D6E97B400E4A4AB /* Sources */,
				BB0DCAFF1D6E97B400E4A4AB /* Frameworks */,
				BB0DCB001D6E97B400E4A4AB /* Resources */,
			);
			buildRules = (
			);
			dependencies = (
			);
			name = "Final Assesment (Reuben)";
			productName = "Final Assesment (Reuben)";
			productReference = BB0DCB021D6E97B400E4A4AB /* Final Assesment (Reuben).app */;
			productType = "com.apple.product-type.application";
		};
/* End PBXNativeTarget section */

/* Begin PBXProject section */
		BB0DCAFA1D6E97B400E4A4AB /* Project object */ = {
			isa = PBXProject;
			attributes = {
				LastSwiftUpdateCheck = 0730;
				LastUpgradeCheck = 0730;
				ORGANIZATIONNAME = NextAcademy;
				TargetAttributes = {
					BB0DCB011D6E97B400E4A4AB = {
						CreatedOnToolsVersion = 7.3.1;
					};
				};
			};
			buildConfigurationList = BB0DCAFD1D6E97B400E4A4AB /* Build configuration list for PBXProject "Final Assesment (Reuben)" */;
			compatibilityVersion = "Xcode 3.2";
			developmentRegion = English;
			hasScannedForEncodings = 0;
			knownRegions = (
				en,
				Base,
			);
			mainGroup = BB0DCAF91D6E97B400E4A4AB;
			productRefGroup = BB0DCB031D6E97B400E4A4AB /* Products */;
			projectDirPath = "";
			projectRoot = "";
			targets = (
				BB0DCB011D6E97B400E4A4AB /* Final Assesment (Reuben) */,
			);
		};
/* End PBXProject section */

/* Begin PBXResourcesBuildPhase section */
		BB0DCB001D6E97B400E4A4AB /* Resources */ = {
			isa = PBXResourcesBuildPhase;
			buildActionMask = 2147483647;
			files = (
				BB0DCB101D6E97B500E4A4AB /* LaunchScreen.storyboard in Resources */,
				BB0DCB0D1D6E97B500E4A4AB /* Assets.xcassets in Resources */,
				BB0DCB0B1D6E97B500E4A4AB /* Main.storyboard in Resources */,
			);
			runOnlyForDeploymentPostprocessing = 0;
		};
/* End PBXResourcesBuildPhase section */

/* Begin PBXSourcesBuildPhase section */
		BB0DCAFE1D6E97B400E4A4AB /* Sources */ = {
			isa = PBXSourcesBuildPhase;
			buildActionMask = 2147483647;
			files = (
				BB0DCB081D6E97B400E4A4AB /* ViewController.swift in Sources */,
				BB0DCB061D6E97B400E4A4AB /* AppDelegate.swift in Sources */,
			);
			runOnlyForDeploymentPostprocessing = 0;
		};
/* End PBXSourcesBuildPhase section */

/* Begin PBXVariantGroup section */
		BB0DCB091D6E97B500E4A4AB /* Main.storyboard */ = {
			isa = PBXVariantGroup;
			children = (
				BB0DCB0A1D6E97B500E4A4AB /* Base */,
			);
			name = Main.storyboard;
			sourceTree = "<group>";
		};
		BB0DCB0E1D6E97B500E4A4AB /* LaunchScreen.storyboard */ = {
			isa = PBXVariantGroup;
			children = (
				BB0DCB0F1D6E97B500E4A4AB /* Base */,
			);
			name = LaunchScreen.storyboard;
			sourceTree = "<group>";
		};
/* End PBXVariantGroup section */

/* Begin XCBuildConfiguration section */
		BB0DCB121D6E97B500E4A4AB /* Debug */ = {
			isa = XCBuildConfiguration;
			buildSettings = {
				ALWAYS_SEARCH_USER_PATHS = NO;
				CLANG_ANALYZER_NONNULL = YES;
				CLANG_CXX_LANGUAGE_STANDARD = "gnu++0x";
				CLANG_CXX_LIBRARY = "libc++";
				CLANG_ENABLE_MODULES = YES;
				CLANG_ENABLE_OBJC_ARC = YES;
				CLANG_WARN_BOOL_CONVERSION = YES;
				CLANG_WARN_CONSTANT_CONVERSION = YES;
				CLANG_WARN_DIRECT_OBJC_ISA_USAGE = YES_ERROR;
				CLANG_WARN_EMPTY_BODY = YES;
				CLANG_WARN_ENUM_CONVERSION = YES;
				CLANG_WARN_INT_CONVERSION = YES;
				CLANG_WARN_OBJC_ROOT_CLASS = YES_ERROR;
				CLANG_WARN_UNREACHABLE_CODE = YES;
				CLANG_WARN__DUPLICATE_METHOD_MATCH = YES;
				"CODE_SIGN_IDENTITY[sdk=iphoneos*]" = "iPhone Developer";
				COPY_PHASE_STRIP = NO;
				DEBUG_INFORMATION_FORMAT = dwarf;
				ENABLE_STRICT_OBJC_MSGSEND = YES;
				ENABLE_TESTABILITY = YES;
				GCC_C_LANGUAGE_STANDARD = gnu99;
				GCC_DYNAMIC_NO_PIC = NO;
				GCC_NO_COMMON_BLOCKS = YES;
				GCC_OPTIMIZATION_LEVEL = 0;
				GCC_PREPROCESSOR_DEFINITIONS = (
					"DEBUG=1",
					"$(inherited)",
				);
				GCC_WARN_64_TO_32_BIT_CONVERSION = YES;
				GCC_WARN_ABOUT_RETURN_TYPE = YES_ERROR;
				GCC_WARN_UNDECLARED_SELECTOR = YES;
				GCC_WARN_UNINITIALIZED_AUTOS = YES_AGGRESSIVE;
				GCC_WARN_UNUSED_FUNCTION = YES;
				GCC_WARN_UNUSED_VARIABLE = YES;
				IPHONEOS_DEPLOYMENT_TARGET = 9.3;
				MTL_ENABLE_DEBUG_INFO = YES;
				ONLY_ACTIVE_ARCH = YES;
				SDKROOT = iphoneos;
				SWIFT_OPTIMIZATION_LEVEL = "-Onone";
				TARGETED_DEVICE_FAMILY = "1,2";
			};
			name = Debug;
		};
		BB0DCB131D6E97B500E4A4AB /* Release */ = {
			isa = XCBuildConfiguration;
			buildSettings = {
				ALWAYS_SEARCH_USER_PATHS = NO;
				CLANG_ANALYZER_NONNULL = YES;
				CLANG_CXX_LANGUAGE_STANDARD = "gnu++0x";
				CLANG_CXX_LIBRARY = "libc++";
				CLANG_ENABLE_MODULES = YES;
				CLANG_ENABLE_OBJC_ARC = YES;
				CLANG_WARN_BOOL_CONVERSION = YES;
				CLANG_WARN_CONSTANT_CONVERSION = YES;
				CLANG_WARN_DIRECT_OBJC_ISA_USAGE = YES_ERROR;
				CLANG_WARN_EMPTY_BODY = YES;
				CLANG_WARN_ENUM_CONVERSION = YES;
				CLANG_WARN_INT_CONVERSION = YES;
				CLANG_WARN_OBJC_ROOT_CLASS = YES_ERROR;
				CLANG_WARN_UNREACHABLE_CODE = YES;
				CLANG_WARN__DUPLICATE_METHOD_MATCH = YES;
				"CODE_SIGN_IDENTITY[sdk=iphoneos*]" = "iPhone Developer";
				COPY_PHASE_STRIP = NO;
				DEBUG_INFORMATION_FORMAT = "dwarf-with-dsym";
				ENABLE_NS_ASSERTIONS = NO;
				ENABLE_STRICT_OBJC_MSGSEND = YES;
				GCC_C_LANGUAGE_STANDARD = gnu99;
				GCC_NO_COMMON_BLOCKS = YES;
				GCC_WARN_64_TO_32_BIT_CONVERSION = YES;
				GCC_WARN_ABOUT_RETURN_TYPE = YES_ERROR;
				GCC_WARN_UNDECLARED_SELECTOR = YES;
				GCC_WARN_UNINITIALIZED_AUTOS = YES_AGGRESSIVE;
				GCC_WARN_UNUSED_FUNCTION = YES;
				GCC_WARN_UNUSED_VARIABLE = YES;
				IPHONEOS_DEPLOYMENT_TARGET = 9.3;
				MTL_ENABLE_DEBUG_INFO = NO;
				SDKROOT = iphoneos;
				TARGETED_DEVICE_FAMILY = "1,2";
				VALIDATE_PRODUCT = YES;
			};
			name = Release;
		};
		BB0DCB151D6E97B500E4A4AB /* Debug */ = {
			isa = XCBuildConfiguration;
			buildSettings = {
				ASSETCATALOG_COMPILER_APPICON_NAME = AppIcon;
				INFOPLIST_FILE = "Final Assesment (Reuben)/Info.plist";
				LD_RUNPATH_SEARCH_PATHS = "$(inherited) @executable_path/Frameworks";
				PRODUCT_BUNDLE_IDENTIFIER = "com.reubenlsw.Final-Assesment--Reuben-";
				PRODUCT_NAME = "$(TARGET_NAME)";
			};
			name = Debug;
		};
		BB0DCB161D6E97B500E4A4AB /* Release */ = {
			isa = XCBuildConfiguration;
			buildSettings = {
				ASSETCATALOG_COMPILER_APPICON_NAME = AppIcon;
				INFOPLIST_FILE = "Final Assesment (Reuben)/Info.plist";
				LD_RUNPATH_SEARCH_PATHS = "$(inherited) @executable_path/Frameworks";
				PRODUCT_BUNDLE_IDENTIFIER = "com.reubenlsw.Final-Assesment--Reuben-";
				PRODUCT_NAME = "$(TARGET_NAME)";
			};
			name = Release;
		};
/* End XCBuildConfiguration section */

/* Begin XCConfigurationList section */
		BB0DCAFD1D6E97B400E4A4AB /* Build configuration list for PBXProject "Final Assesment (Reuben)" */ = {
			isa = XCConfigurationList;
			buildConfigurations = (
				BB0DCB121D6E97B500E4A4AB /* Debug */,
				BB0DCB131D6E97B500E4A4AB /* Release */,
			);
			defaultConfigurationIsVisible = 0;
			defaultConfigurationName = Release;
		};
		BB0DCB141D6E97B500E4A4AB /* Build configuration list for PBXNativeTarget "Final Assesment (Reuben)" */ = {
			isa = XCConfigurationList;
			buildConfigurations = (
				BB0DCB151D6E97B500E4A4AB /* Debug */,
				BB0DCB161D6E97B500E4A4AB /* Release */,
			);
			defaultConfigurationIsVisible = 0;
		};
/* End XCConfigurationList section */
	};
	rootObject = BB0DCAFA1D6E97B400E4A4AB /* Project object */;
}
